// !$*UTF8*$!
{
	archiveVersion = 1;
	classes = {
	};
	objectVersion = 46;
	objects = {

/* Begin PBXBuildFile section */
		16DB15006D48BC506B9AEE8D /* Pods_GeoNet.framework in Frameworks */ = {isa = PBXBuildFile; fileRef = E170CF2A7645D3D156A42C6E /* Pods_GeoNet.framework */; };
		4AB2D0D51E03C4BA00D5E464 /* UIColorExtension.swift in Sources */ = {isa = PBXBuildFile; fileRef = 4AB2D0D41E03C4BA00D5E464 /* UIColorExtension.swift */; };
		4AB2D0D71E03C4D400D5E464 /* Appearance.swift in Sources */ = {isa = PBXBuildFile; fileRef = 4AB2D0D61E03C4D400D5E464 /* Appearance.swift */; };
		4AB6A4071DF39C6500E1073C /* QuakeMapViewController.swift in Sources */ = {isa = PBXBuildFile; fileRef = 4AB6A4061DF39C6500E1073C /* QuakeMapViewController.swift */; };
		4AC262861DFB6A790095D279 /* GeoNetAPI.h in Headers */ = {isa = PBXBuildFile; fileRef = 4AC262841DFB6A790095D279 /* GeoNetAPI.h */; settings = {ATTRIBUTES = (Public, ); }; };
		4AC262891DFB6A790095D279 /* GeoNetAPI.framework in Frameworks */ = {isa = PBXBuildFile; fileRef = 4AC262821DFB6A790095D279 /* GeoNetAPI.framework */; };
		4AC2628A1DFB6A790095D279 /* GeoNetAPI.framework in Embed Frameworks */ = {isa = PBXBuildFile; fileRef = 4AC262821DFB6A790095D279 /* GeoNetAPI.framework */; settings = {ATTRIBUTES = (CodeSignOnCopy, RemoveHeadersOnCopy, ); }; };
		4AC262911DFB6B010095D279 /* APIModels.swift in Sources */ = {isa = PBXBuildFile; fileRef = 4AC2628F1DFB6B010095D279 /* APIModels.swift */; };
		4AC262921DFB6B010095D279 /* GeoNetAPI.swift in Sources */ = {isa = PBXBuildFile; fileRef = 4AC262901DFB6B010095D279 /* GeoNetAPI.swift */; };
		4AC262961DFB6B6E0095D279 /* APIModelExtension.swift in Sources */ = {isa = PBXBuildFile; fileRef = 4AC262951DFB6B6E0095D279 /* APIModelExtension.swift */; };
		4AC262981DFB6C980095D279 /* URLSessionExtension.swift in Sources */ = {isa = PBXBuildFile; fileRef = 4AC262971DFB6C980095D279 /* URLSessionExtension.swift */; };
		4AC2629F1DFBC8340095D279 /* NotificationCenter.framework in Frameworks */ = {isa = PBXBuildFile; fileRef = 4AC2629E1DFBC8340095D279 /* NotificationCenter.framework */; };
		4AC262A21DFBC8340095D279 /* TodayViewController.swift in Sources */ = {isa = PBXBuildFile; fileRef = 4AC262A11DFBC8340095D279 /* TodayViewController.swift */; };
		4AC262A91DFBC8340095D279 /* Recent Quakes.appex in Embed App Extensions */ = {isa = PBXBuildFile; fileRef = 4AC2629D1DFBC8340095D279 /* Recent Quakes.appex */; settings = {ATTRIBUTES = (RemoveHeadersOnCopy, ); }; };
		4AC262AE1DFBFB720095D279 /* GeoNetAPI.framework in Frameworks */ = {isa = PBXBuildFile; fileRef = 4AC262821DFB6A790095D279 /* GeoNetAPI.framework */; };
		511166F35793123B94F5183E /* Pods_Recent_Quakes.framework in Frameworks */ = {isa = PBXBuildFile; fileRef = 2AC986B99237C97F7E9412DC /* Pods_Recent_Quakes.framework */; };
		5E4E742A9C52862F77361CF3 /* Pods_GeoNetAPI.framework in Frameworks */ = {isa = PBXBuildFile; fileRef = B1C6BF6A1DAE5542222C711D /* Pods_GeoNetAPI.framework */; };
		76C773B238E8789A6D634ED2 /* Pods_GeoNetTests.framework in Frameworks */ = {isa = PBXBuildFile; fileRef = 1036B3C02B300384AF45F7A7 /* Pods_GeoNetTests.framework */; };
		B912DE151DDEC461004B5A71 /* Assets.xcassets in Resources */ = {isa = PBXBuildFile; fileRef = B912DE141DDEC461004B5A71 /* Assets.xcassets */; };
		B912DE181DDEC461004B5A71 /* LaunchScreen.storyboard in Resources */ = {isa = PBXBuildFile; fileRef = B912DE161DDEC461004B5A71 /* LaunchScreen.storyboard */; };
		B912DE231DDEC461004B5A71 /* GeoNetTests.swift in Sources */ = {isa = PBXBuildFile; fileRef = B912DE221DDEC461004B5A71 /* GeoNetTests.swift */; };
		B912DE2F1DDEC49A004B5A71 /* AppDelegate.swift in Sources */ = {isa = PBXBuildFile; fileRef = B912DE2E1DDEC49A004B5A71 /* AppDelegate.swift */; };
		B912DE381DDEC625004B5A71 /* QuakesViewController.swift in Sources */ = {isa = PBXBuildFile; fileRef = B912DE371DDEC625004B5A71 /* QuakesViewController.swift */; };
		B912DE3E1DDEC7B6004B5A71 /* ReportShakingViewController.swift in Sources */ = {isa = PBXBuildFile; fileRef = B912DE3D1DDEC7B6004B5A71 /* ReportShakingViewController.swift */; };
		B912DE401DDEC7C7004B5A71 /* GeoNetViewControllers.swift in Sources */ = {isa = PBXBuildFile; fileRef = B912DE3F1DDEC7C7004B5A71 /* GeoNetViewControllers.swift */; };
		B912DE421DDEC81E004B5A71 /* NewsViewController.swift in Sources */ = {isa = PBXBuildFile; fileRef = B912DE411DDEC81E004B5A71 /* NewsViewController.swift */; };
		B912DE441DDEC832004B5A71 /* ShakingViewController.swift in Sources */ = {isa = PBXBuildFile; fileRef = B912DE431DDEC832004B5A71 /* ShakingViewController.swift */; };
		B912DE461DDEC84A004B5A71 /* VolcanoesViewController.swift in Sources */ = {isa = PBXBuildFile; fileRef = B912DE451DDEC84A004B5A71 /* VolcanoesViewController.swift */; };
		B96909A81DDF05AE00896042 /* QuakeInfoTableViewCell.swift in Sources */ = {isa = PBXBuildFile; fileRef = B96909A71DDF05AE00896042 /* QuakeInfoTableViewCell.swift */; };
		B96909AF1DE0FDE900896042 /* IntensitiesViewController.swift in Sources */ = {isa = PBXBuildFile; fileRef = B96909AE1DE0FDE900896042 /* IntensitiesViewController.swift */; };
		B96909B11DE2BD8B00896042 /* UserDefaults.swift in Sources */ = {isa = PBXBuildFile; fileRef = B96909B01DE2BD8B00896042 /* UserDefaults.swift */; };
		B96909B51DE3CE2B00896042 /* QuakeLocationView.swift in Sources */ = {isa = PBXBuildFile; fileRef = B96909B41DE3CE2B00896042 /* QuakeLocationView.swift */; };
/* End PBXBuildFile section */

/* Begin PBXContainerItemProxy section */
		4AC262871DFB6A790095D279 /* PBXContainerItemProxy */ = {
			isa = PBXContainerItemProxy;
			containerPortal = B912DE001DDEC461004B5A71 /* Project object */;
			proxyType = 1;
			remoteGlobalIDString = 4AC262811DFB6A790095D279;
			remoteInfo = GeoNetAPI;
		};
		4AC262A71DFBC8340095D279 /* PBXContainerItemProxy */ = {
			isa = PBXContainerItemProxy;
			containerPortal = B912DE001DDEC461004B5A71 /* Project object */;
			proxyType = 1;
			remoteGlobalIDString = 4AC2629C1DFBC8340095D279;
			remoteInfo = "Recent Quakes";
		};
		B912DE1F1DDEC461004B5A71 /* PBXContainerItemProxy */ = {
			isa = PBXContainerItemProxy;
			containerPortal = B912DE001DDEC461004B5A71 /* Project object */;
			proxyType = 1;
			remoteGlobalIDString = B912DE071DDEC461004B5A71;
			remoteInfo = GeoNet;
		};
/* End PBXContainerItemProxy section */

/* Begin PBXCopyFilesBuildPhase section */
		4AC2628E1DFB6A790095D279 /* Embed Frameworks */ = {
			isa = PBXCopyFilesBuildPhase;
			buildActionMask = 2147483647;
			dstPath = "";
			dstSubfolderSpec = 10;
			files = (
				4AC2628A1DFB6A790095D279 /* GeoNetAPI.framework in Embed Frameworks */,
			);
			name = "Embed Frameworks";
			runOnlyForDeploymentPostprocessing = 0;
		};
		4AC262AD1DFBC8340095D279 /* Embed App Extensions */ = {
			isa = PBXCopyFilesBuildPhase;
			buildActionMask = 2147483647;
			dstPath = "";
			dstSubfolderSpec = 13;
			files = (
				4AC262A91DFBC8340095D279 /* Recent Quakes.appex in Embed App Extensions */,
			);
			name = "Embed App Extensions";
			runOnlyForDeploymentPostprocessing = 0;
		};
/* End PBXCopyFilesBuildPhase section */

/* Begin PBXFileReference section */
		031E98CA88D73773EE96D67A /* Pods-GeoNetAPI.debug.xcconfig */ = {isa = PBXFileReference; includeInIndex = 1; lastKnownFileType = text.xcconfig; name = "Pods-GeoNetAPI.debug.xcconfig"; path = "Pods/Target Support Files/Pods-GeoNetAPI/Pods-GeoNetAPI.debug.xcconfig"; sourceTree = "<group>"; };
		03ADE921CE8CE6CA5F19B499 /* Pods-Recent Quakes.debug.xcconfig */ = {isa = PBXFileReference; includeInIndex = 1; lastKnownFileType = text.xcconfig; name = "Pods-Recent Quakes.debug.xcconfig"; path = "Pods/Target Support Files/Pods-Recent Quakes/Pods-Recent Quakes.debug.xcconfig"; sourceTree = "<group>"; };
		1036B3C02B300384AF45F7A7 /* Pods_GeoNetTests.framework */ = {isa = PBXFileReference; explicitFileType = wrapper.framework; includeInIndex = 0; path = Pods_GeoNetTests.framework; sourceTree = BUILT_PRODUCTS_DIR; };
		2AC986B99237C97F7E9412DC /* Pods_Recent_Quakes.framework */ = {isa = PBXFileReference; explicitFileType = wrapper.framework; includeInIndex = 0; path = Pods_Recent_Quakes.framework; sourceTree = BUILT_PRODUCTS_DIR; };
		30F35A2A24DD42265AD65DF2 /* Pods-Recent Quakes.release.xcconfig */ = {isa = PBXFileReference; includeInIndex = 1; lastKnownFileType = text.xcconfig; name = "Pods-Recent Quakes.release.xcconfig"; path = "Pods/Target Support Files/Pods-Recent Quakes/Pods-Recent Quakes.release.xcconfig"; sourceTree = "<group>"; };
		43CBD70D30A5989BD765457C /* Pods-GeoNetAPI.release.xcconfig */ = {isa = PBXFileReference; includeInIndex = 1; lastKnownFileType = text.xcconfig; name = "Pods-GeoNetAPI.release.xcconfig"; path = "Pods/Target Support Files/Pods-GeoNetAPI/Pods-GeoNetAPI.release.xcconfig"; sourceTree = "<group>"; };
		4A78E3117C27F4795FEA6113 /* Pods-GeoNetTests.release.xcconfig */ = {isa = PBXFileReference; includeInIndex = 1; lastKnownFileType = text.xcconfig; name = "Pods-GeoNetTests.release.xcconfig"; path = "Pods/Target Support Files/Pods-GeoNetTests/Pods-GeoNetTests.release.xcconfig"; sourceTree = "<group>"; };
		4AB2D0D41E03C4BA00D5E464 /* UIColorExtension.swift */ = {isa = PBXFileReference; fileEncoding = 4; lastKnownFileType = sourcecode.swift; path = UIColorExtension.swift; sourceTree = "<group>"; };
		4AB2D0D61E03C4D400D5E464 /* Appearance.swift */ = {isa = PBXFileReference; fileEncoding = 4; lastKnownFileType = sourcecode.swift; path = Appearance.swift; sourceTree = "<group>"; };
		4AB6A4061DF39C6500E1073C /* QuakeMapViewController.swift */ = {isa = PBXFileReference; fileEncoding = 4; lastKnownFileType = sourcecode.swift; path = QuakeMapViewController.swift; sourceTree = "<group>"; };
		4AC262821DFB6A790095D279 /* GeoNetAPI.framework */ = {isa = PBXFileReference; explicitFileType = wrapper.framework; includeInIndex = 0; path = GeoNetAPI.framework; sourceTree = BUILT_PRODUCTS_DIR; };
		4AC262841DFB6A790095D279 /* GeoNetAPI.h */ = {isa = PBXFileReference; lastKnownFileType = sourcecode.c.h; path = GeoNetAPI.h; sourceTree = "<group>"; };
		4AC262851DFB6A790095D279 /* Info.plist */ = {isa = PBXFileReference; lastKnownFileType = text.plist.xml; path = Info.plist; sourceTree = "<group>"; };
		4AC2628F1DFB6B010095D279 /* APIModels.swift */ = {isa = PBXFileReference; fileEncoding = 4; lastKnownFileType = sourcecode.swift; path = APIModels.swift; sourceTree = "<group>"; };
		4AC262901DFB6B010095D279 /* GeoNetAPI.swift */ = {isa = PBXFileReference; fileEncoding = 4; lastKnownFileType = sourcecode.swift; path = GeoNetAPI.swift; sourceTree = "<group>"; };
		4AC262951DFB6B6E0095D279 /* APIModelExtension.swift */ = {isa = PBXFileReference; fileEncoding = 4; lastKnownFileType = sourcecode.swift; path = APIModelExtension.swift; sourceTree = "<group>"; };
		4AC262971DFB6C980095D279 /* URLSessionExtension.swift */ = {isa = PBXFileReference; fileEncoding = 4; lastKnownFileType = sourcecode.swift; path = URLSessionExtension.swift; sourceTree = "<group>"; };
		4AC2629D1DFBC8340095D279 /* Recent Quakes.appex */ = {isa = PBXFileReference; explicitFileType = "wrapper.app-extension"; includeInIndex = 0; path = "Recent Quakes.appex"; sourceTree = BUILT_PRODUCTS_DIR; };
		4AC2629E1DFBC8340095D279 /* NotificationCenter.framework */ = {isa = PBXFileReference; lastKnownFileType = wrapper.framework; name = NotificationCenter.framework; path = System/Library/Frameworks/NotificationCenter.framework; sourceTree = SDKROOT; };
		4AC262A11DFBC8340095D279 /* TodayViewController.swift */ = {isa = PBXFileReference; lastKnownFileType = sourcecode.swift; path = TodayViewController.swift; sourceTree = "<group>"; };
		4AC262A61DFBC8340095D279 /* Info.plist */ = {isa = PBXFileReference; lastKnownFileType = text.plist.xml; path = Info.plist; sourceTree = "<group>"; };
		59A240143E0B3FC95ED295A5 /* Pods-GeoNet.release.xcconfig */ = {isa = PBXFileReference; includeInIndex = 1; lastKnownFileType = text.xcconfig; name = "Pods-GeoNet.release.xcconfig"; path = "Pods/Target Support Files/Pods-GeoNet/Pods-GeoNet.release.xcconfig"; sourceTree = "<group>"; };
		65C9323A37EE874956A3A97B /* Pods-GeoNetTests.debug.xcconfig */ = {isa = PBXFileReference; includeInIndex = 1; lastKnownFileType = text.xcconfig; name = "Pods-GeoNetTests.debug.xcconfig"; path = "Pods/Target Support Files/Pods-GeoNetTests/Pods-GeoNetTests.debug.xcconfig"; sourceTree = "<group>"; };
		7C32D6D3BAD2F0CFA0758461 /* Pods-GeoNet.debug.xcconfig */ = {isa = PBXFileReference; includeInIndex = 1; lastKnownFileType = text.xcconfig; name = "Pods-GeoNet.debug.xcconfig"; path = "Pods/Target Support Files/Pods-GeoNet/Pods-GeoNet.debug.xcconfig"; sourceTree = "<group>"; };
		B1C6BF6A1DAE5542222C711D /* Pods_GeoNetAPI.framework */ = {isa = PBXFileReference; explicitFileType = wrapper.framework; includeInIndex = 0; path = Pods_GeoNetAPI.framework; sourceTree = BUILT_PRODUCTS_DIR; };
		B912DE081DDEC461004B5A71 /* GeoNet.app */ = {isa = PBXFileReference; explicitFileType = wrapper.application; includeInIndex = 0; path = GeoNet.app; sourceTree = BUILT_PRODUCTS_DIR; };
		B912DE141DDEC461004B5A71 /* Assets.xcassets */ = {isa = PBXFileReference; lastKnownFileType = folder.assetcatalog; path = Assets.xcassets; sourceTree = "<group>"; };
		B912DE171DDEC461004B5A71 /* Base */ = {isa = PBXFileReference; lastKnownFileType = file.storyboard; name = Base; path = Base.lproj/LaunchScreen.storyboard; sourceTree = "<group>"; };
		B912DE1E1DDEC461004B5A71 /* GeoNetTests.xctest */ = {isa = PBXFileReference; explicitFileType = wrapper.cfbundle; includeInIndex = 0; path = GeoNetTests.xctest; sourceTree = BUILT_PRODUCTS_DIR; };
		B912DE221DDEC461004B5A71 /* GeoNetTests.swift */ = {isa = PBXFileReference; lastKnownFileType = sourcecode.swift; path = GeoNetTests.swift; sourceTree = "<group>"; };
		B912DE241DDEC461004B5A71 /* Info.plist */ = {isa = PBXFileReference; lastKnownFileType = text.plist.xml; path = Info.plist; sourceTree = "<group>"; };
		B912DE2E1DDEC49A004B5A71 /* AppDelegate.swift */ = {isa = PBXFileReference; fileEncoding = 4; lastKnownFileType = sourcecode.swift; path = AppDelegate.swift; sourceTree = "<group>"; };
		B912DE301DDEC4EC004B5A71 /* Info.plist */ = {isa = PBXFileReference; fileEncoding = 4; lastKnownFileType = text.plist.xml; path = Info.plist; sourceTree = "<group>"; };
		B912DE371DDEC625004B5A71 /* QuakesViewController.swift */ = {isa = PBXFileReference; fileEncoding = 4; lastKnownFileType = sourcecode.swift; path = QuakesViewController.swift; sourceTree = "<group>"; };
		B912DE3D1DDEC7B6004B5A71 /* ReportShakingViewController.swift */ = {isa = PBXFileReference; fileEncoding = 4; lastKnownFileType = sourcecode.swift; path = ReportShakingViewController.swift; sourceTree = "<group>"; };
		B912DE3F1DDEC7C7004B5A71 /* GeoNetViewControllers.swift */ = {isa = PBXFileReference; fileEncoding = 4; lastKnownFileType = sourcecode.swift; path = GeoNetViewControllers.swift; sourceTree = "<group>"; };
		B912DE411DDEC81E004B5A71 /* NewsViewController.swift */ = {isa = PBXFileReference; fileEncoding = 4; lastKnownFileType = sourcecode.swift; path = NewsViewController.swift; sourceTree = "<group>"; };
		B912DE431DDEC832004B5A71 /* ShakingViewController.swift */ = {isa = PBXFileReference; fileEncoding = 4; lastKnownFileType = sourcecode.swift; path = ShakingViewController.swift; sourceTree = "<group>"; };
		B912DE451DDEC84A004B5A71 /* VolcanoesViewController.swift */ = {isa = PBXFileReference; fileEncoding = 4; lastKnownFileType = sourcecode.swift; path = VolcanoesViewController.swift; sourceTree = "<group>"; };
		B96909A71DDF05AE00896042 /* QuakeInfoTableViewCell.swift */ = {isa = PBXFileReference; fileEncoding = 4; lastKnownFileType = sourcecode.swift; path = QuakeInfoTableViewCell.swift; sourceTree = "<group>"; };
		B96909AE1DE0FDE900896042 /* IntensitiesViewController.swift */ = {isa = PBXFileReference; fileEncoding = 4; lastKnownFileType = sourcecode.swift; path = IntensitiesViewController.swift; sourceTree = "<group>"; };
		B96909B01DE2BD8B00896042 /* UserDefaults.swift */ = {isa = PBXFileReference; fileEncoding = 4; lastKnownFileType = sourcecode.swift; path = UserDefaults.swift; sourceTree = "<group>"; };
		B96909B41DE3CE2B00896042 /* QuakeLocationView.swift */ = {isa = PBXFileReference; fileEncoding = 4; lastKnownFileType = sourcecode.swift; path = QuakeLocationView.swift; sourceTree = "<group>"; };
		E170CF2A7645D3D156A42C6E /* Pods_GeoNet.framework */ = {isa = PBXFileReference; explicitFileType = wrapper.framework; includeInIndex = 0; path = Pods_GeoNet.framework; sourceTree = BUILT_PRODUCTS_DIR; };
/* End PBXFileReference section */

/* Begin PBXFrameworksBuildPhase section */
		4AC2627E1DFB6A790095D279 /* Frameworks */ = {
			isa = PBXFrameworksBuildPhase;
			buildActionMask = 2147483647;
			files = (
				5E4E742A9C52862F77361CF3 /* Pods_GeoNetAPI.framework in Frameworks */,
			);
			runOnlyForDeploymentPostprocessing = 0;
		};
		4AC2629A1DFBC8340095D279 /* Frameworks */ = {
			isa = PBXFrameworksBuildPhase;
			buildActionMask = 2147483647;
			files = (
				4AC262AE1DFBFB720095D279 /* GeoNetAPI.framework in Frameworks */,
				4AC2629F1DFBC8340095D279 /* NotificationCenter.framework in Frameworks */,
				511166F35793123B94F5183E /* Pods_Recent_Quakes.framework in Frameworks */,
			);
			runOnlyForDeploymentPostprocessing = 0;
		};
		B912DE051DDEC461004B5A71 /* Frameworks */ = {
			isa = PBXFrameworksBuildPhase;
			buildActionMask = 2147483647;
			files = (
				16DB15006D48BC506B9AEE8D /* Pods_GeoNet.framework in Frameworks */,
				4AC262891DFB6A790095D279 /* GeoNetAPI.framework in Frameworks */,
			);
			runOnlyForDeploymentPostprocessing = 0;
		};
		B912DE1B1DDEC461004B5A71 /* Frameworks */ = {
			isa = PBXFrameworksBuildPhase;
			buildActionMask = 2147483647;
			files = (
				76C773B238E8789A6D634ED2 /* Pods_GeoNetTests.framework in Frameworks */,
			);
			runOnlyForDeploymentPostprocessing = 0;
		};
/* End PBXFrameworksBuildPhase section */

/* Begin PBXGroup section */
		4AC262831DFB6A790095D279 /* GeoNetAPI */ = {
			isa = PBXGroup;
			children = (
				4AC262841DFB6A790095D279 /* GeoNetAPI.h */,
				4AC2628F1DFB6B010095D279 /* APIModels.swift */,
				4AC262901DFB6B010095D279 /* GeoNetAPI.swift */,
				4AB2D0D41E03C4BA00D5E464 /* UIColorExtension.swift */,
				4AB2D0D61E03C4D400D5E464 /* Appearance.swift */,
				4AC262851DFB6A790095D279 /* Info.plist */,
			);
			path = GeoNetAPI;
			sourceTree = "<group>";
		};
		4AC262A01DFBC8340095D279 /* Recent Quakes */ = {
			isa = PBXGroup;
			children = (
				4AC262A11DFBC8340095D279 /* TodayViewController.swift */,
				4AC262A61DFBC8340095D279 /* Info.plist */,
			);
			path = "Recent Quakes";
			sourceTree = "<group>";
		};
		8DC1A9184A5E2821BC7B7C9F /* Frameworks */ = {
			isa = PBXGroup;
			children = (
				E170CF2A7645D3D156A42C6E /* Pods_GeoNet.framework */,
				1036B3C02B300384AF45F7A7 /* Pods_GeoNetTests.framework */,
				B1C6BF6A1DAE5542222C711D /* Pods_GeoNetAPI.framework */,
				4AC2629E1DFBC8340095D279 /* NotificationCenter.framework */,
				2AC986B99237C97F7E9412DC /* Pods_Recent_Quakes.framework */,
			);
			name = Frameworks;
			sourceTree = "<group>";
		};
		B912DDFF1DDEC461004B5A71 = {
			isa = PBXGroup;
			children = (
				B912DE0A1DDEC461004B5A71 /* GeoNet */,
				B912DE211DDEC461004B5A71 /* GeoNetTests */,
				4AC262831DFB6A790095D279 /* GeoNetAPI */,
				4AC262A01DFBC8340095D279 /* Recent Quakes */,
				B912DE091DDEC461004B5A71 /* Products */,
				DA7A549888E8A02228C8AACB /* Pods */,
				8DC1A9184A5E2821BC7B7C9F /* Frameworks */,
			);
			sourceTree = "<group>";
		};
		B912DE091DDEC461004B5A71 /* Products */ = {
			isa = PBXGroup;
			children = (
				B912DE081DDEC461004B5A71 /* GeoNet.app */,
				B912DE1E1DDEC461004B5A71 /* GeoNetTests.xctest */,
				4AC262821DFB6A790095D279 /* GeoNetAPI.framework */,
				4AC2629D1DFBC8340095D279 /* Recent Quakes.appex */,
			);
			name = Products;
			sourceTree = "<group>";
		};
		B912DE0A1DDEC461004B5A71 /* GeoNet */ = {
			isa = PBXGroup;
			children = (
				B912DE141DDEC461004B5A71 /* Assets.xcassets */,
				B912DE2D1DDEC49A004B5A71 /* App */,
				B96909A91DDF0B1E00896042 /* Extensions */,
				B912DE321DDEC60A004B5A71 /* Felt */,
				B912DE331DDEC60A004B5A71 /* News */,
				B912DE341DDEC60A004B5A71 /* Quakes */,
				B912DE351DDEC60A004B5A71 /* Shaking */,
				B912DE361DDEC60A004B5A71 /* Volcanoes */,
			);
			path = GeoNet;
			sourceTree = "<group>";
		};
		B912DE211DDEC461004B5A71 /* GeoNetTests */ = {
			isa = PBXGroup;
			children = (
				B912DE221DDEC461004B5A71 /* GeoNetTests.swift */,
				B912DE241DDEC461004B5A71 /* Info.plist */,
			);
			path = GeoNetTests;
			sourceTree = "<group>";
		};
		B912DE2D1DDEC49A004B5A71 /* App */ = {
			isa = PBXGroup;
			children = (
				B912DE2E1DDEC49A004B5A71 /* AppDelegate.swift */,
				B912DE3F1DDEC7C7004B5A71 /* GeoNetViewControllers.swift */,
				B96909B01DE2BD8B00896042 /* UserDefaults.swift */,
				B912DE301DDEC4EC004B5A71 /* Info.plist */,
				B912DE161DDEC461004B5A71 /* LaunchScreen.storyboard */,
			);
			path = App;
			sourceTree = "<group>";
		};
		B912DE321DDEC60A004B5A71 /* Felt */ = {
			isa = PBXGroup;
			children = (
				B912DE3D1DDEC7B6004B5A71 /* ReportShakingViewController.swift */,
			);
			path = Felt;
			sourceTree = "<group>";
		};
		B912DE331DDEC60A004B5A71 /* News */ = {
			isa = PBXGroup;
			children = (
				B912DE411DDEC81E004B5A71 /* NewsViewController.swift */,
			);
			path = News;
			sourceTree = "<group>";
		};
		B912DE341DDEC60A004B5A71 /* Quakes */ = {
			isa = PBXGroup;
			children = (
				B96909AE1DE0FDE900896042 /* IntensitiesViewController.swift */,
				B96909A71DDF05AE00896042 /* QuakeInfoTableViewCell.swift */,
				B96909B41DE3CE2B00896042 /* QuakeLocationView.swift */,
				4AB6A4061DF39C6500E1073C /* QuakeMapViewController.swift */,
				B912DE371DDEC625004B5A71 /* QuakesViewController.swift */,
			);
			path = Quakes;
			sourceTree = "<group>";
		};
		B912DE351DDEC60A004B5A71 /* Shaking */ = {
			isa = PBXGroup;
			children = (
				B912DE431DDEC832004B5A71 /* ShakingViewController.swift */,
			);
			path = Shaking;
			sourceTree = "<group>";
		};
		B912DE361DDEC60A004B5A71 /* Volcanoes */ = {
			isa = PBXGroup;
			children = (
				B912DE451DDEC84A004B5A71 /* VolcanoesViewController.swift */,
			);
			path = Volcanoes;
			sourceTree = "<group>";
		};
		B96909A91DDF0B1E00896042 /* Extensions */ = {
			isa = PBXGroup;
			children = (
				4AC262951DFB6B6E0095D279 /* APIModelExtension.swift */,
				4AC262971DFB6C980095D279 /* URLSessionExtension.swift */,
			);
			path = Extensions;
			sourceTree = "<group>";
		};
		DA7A549888E8A02228C8AACB /* Pods */ = {
			isa = PBXGroup;
			children = (
				7C32D6D3BAD2F0CFA0758461 /* Pods-GeoNet.debug.xcconfig */,
				59A240143E0B3FC95ED295A5 /* Pods-GeoNet.release.xcconfig */,
				65C9323A37EE874956A3A97B /* Pods-GeoNetTests.debug.xcconfig */,
				4A78E3117C27F4795FEA6113 /* Pods-GeoNetTests.release.xcconfig */,
				031E98CA88D73773EE96D67A /* Pods-GeoNetAPI.debug.xcconfig */,
				43CBD70D30A5989BD765457C /* Pods-GeoNetAPI.release.xcconfig */,
				03ADE921CE8CE6CA5F19B499 /* Pods-Recent Quakes.debug.xcconfig */,
				30F35A2A24DD42265AD65DF2 /* Pods-Recent Quakes.release.xcconfig */,
			);
			name = Pods;
			sourceTree = "<group>";
		};
/* End PBXGroup section */

/* Begin PBXHeadersBuildPhase section */
		4AC2627F1DFB6A790095D279 /* Headers */ = {
			isa = PBXHeadersBuildPhase;
			buildActionMask = 2147483647;
			files = (
				4AC262861DFB6A790095D279 /* GeoNetAPI.h in Headers */,
			);
			runOnlyForDeploymentPostprocessing = 0;
		};
/* End PBXHeadersBuildPhase section */

/* Begin PBXNativeTarget section */
		4AC262811DFB6A790095D279 /* GeoNetAPI */ = {
			isa = PBXNativeTarget;
			buildConfigurationList = 4AC2628D1DFB6A790095D279 /* Build configuration list for PBXNativeTarget "GeoNetAPI" */;
			buildPhases = (
				04FBE35FFE2FA01C1D2E1D9D /* [CP] Check Pods Manifest.lock */,
				4AC2627D1DFB6A790095D279 /* Sources */,
				4AC2627E1DFB6A790095D279 /* Frameworks */,
				4AC2627F1DFB6A790095D279 /* Headers */,
				4AC262801DFB6A790095D279 /* Resources */,
				B00A791CA25B7BC84CB5AA3D /* [CP] Copy Pods Resources */,
			);
			buildRules = (
			);
			dependencies = (
			);
			name = GeoNetAPI;
			productName = GeoNetAPI;
			productReference = 4AC262821DFB6A790095D279 /* GeoNetAPI.framework */;
			productType = "com.apple.product-type.framework";
		};
		4AC2629C1DFBC8340095D279 /* Recent Quakes */ = {
			isa = PBXNativeTarget;
			buildConfigurationList = 4AC262AA1DFBC8340095D279 /* Build configuration list for PBXNativeTarget "Recent Quakes" */;
			buildPhases = (
				7E958A6EB98EBAEDB150721E /* [CP] Check Pods Manifest.lock */,
				4AC262991DFBC8340095D279 /* Sources */,
				4AC2629A1DFBC8340095D279 /* Frameworks */,
				4AC2629B1DFBC8340095D279 /* Resources */,
				D82E440EA4266B7BEDA3DA7E /* [CP] Copy Pods Resources */,
			);
			buildRules = (
			);
			dependencies = (
			);
			name = "Recent Quakes";
			productName = "Recent Quakes";
			productReference = 4AC2629D1DFBC8340095D279 /* Recent Quakes.appex */;
			productType = "com.apple.product-type.app-extension";
		};
		B912DE071DDEC461004B5A71 /* GeoNet */ = {
			isa = PBXNativeTarget;
			buildConfigurationList = B912DE271DDEC461004B5A71 /* Build configuration list for PBXNativeTarget "GeoNet" */;
			buildPhases = (
				DD9884DDCA1C1565233F8966 /* [CP] Check Pods Manifest.lock */,
				B912DE041DDEC461004B5A71 /* Sources */,
				B912DE051DDEC461004B5A71 /* Frameworks */,
				B912DE061DDEC461004B5A71 /* Resources */,
				81A6A79862602B749A585F26 /* [CP] Embed Pods Frameworks */,
				A92DDE865AB9BCB4996ECAA1 /* [CP] Copy Pods Resources */,
				4AC2628E1DFB6A790095D279 /* Embed Frameworks */,
				4AC262AD1DFBC8340095D279 /* Embed App Extensions */,
			);
			buildRules = (
			);
			dependencies = (
				4AC262881DFB6A790095D279 /* PBXTargetDependency */,
				4AC262A81DFBC8340095D279 /* PBXTargetDependency */,
			);
			name = GeoNet;
			productName = GeoNet;
			productReference = B912DE081DDEC461004B5A71 /* GeoNet.app */;
			productType = "com.apple.product-type.application";
		};
		B912DE1D1DDEC461004B5A71 /* GeoNetTests */ = {
			isa = PBXNativeTarget;
			buildConfigurationList = B912DE2A1DDEC461004B5A71 /* Build configuration list for PBXNativeTarget "GeoNetTests" */;
			buildPhases = (
				C26EA327260348EDADBE6B16 /* [CP] Check Pods Manifest.lock */,
				B912DE1A1DDEC461004B5A71 /* Sources */,
				B912DE1B1DDEC461004B5A71 /* Frameworks */,
				B912DE1C1DDEC461004B5A71 /* Resources */,
				A9E01D543498E50C44F043D4 /* [CP] Embed Pods Frameworks */,
				82E4D49ECAB9B41F5ADE8DCD /* [CP] Copy Pods Resources */,
			);
			buildRules = (
			);
			dependencies = (
				B912DE201DDEC461004B5A71 /* PBXTargetDependency */,
			);
			name = GeoNetTests;
			productName = GeoNetTests;
			productReference = B912DE1E1DDEC461004B5A71 /* GeoNetTests.xctest */;
			productType = "com.apple.product-type.bundle.unit-test";
		};
/* End PBXNativeTarget section */

/* Begin PBXProject section */
		B912DE001DDEC461004B5A71 /* Project object */ = {
			isa = PBXProject;
			attributes = {
				LastSwiftUpdateCheck = 0810;
				LastUpgradeCheck = 0810;
				ORGANIZATIONNAME = "Tony Li";
				TargetAttributes = {
					4AC262811DFB6A790095D279 = {
						CreatedOnToolsVersion = 8.1;
						DevelopmentTeam = 5W5KKWP2K5;
						LastSwiftMigration = 0810;
						ProvisioningStyle = Automatic;
					};
					4AC2629C1DFBC8340095D279 = {
						CreatedOnToolsVersion = 8.1;
						DevelopmentTeam = 5W5KKWP2K5;
						ProvisioningStyle = Automatic;
					};
					B912DE071DDEC461004B5A71 = {
						CreatedOnToolsVersion = 8.1;
						DevelopmentTeam = 5W5KKWP2K5;
						ProvisioningStyle = Automatic;
					};
					B912DE1D1DDEC461004B5A71 = {
						CreatedOnToolsVersion = 8.1;
						DevelopmentTeam = 5W5KKWP2K5;
						ProvisioningStyle = Automatic;
						TestTargetID = B912DE071DDEC461004B5A71;
					};
				};
			};
			buildConfigurationList = B912DE031DDEC461004B5A71 /* Build configuration list for PBXProject "GeoNet" */;
			compatibilityVersion = "Xcode 3.2";
			developmentRegion = English;
			hasScannedForEncodings = 0;
			knownRegions = (
				en,
				Base,
			);
			mainGroup = B912DDFF1DDEC461004B5A71;
			productRefGroup = B912DE091DDEC461004B5A71 /* Products */;
			projectDirPath = "";
			projectRoot = "";
			targets = (
				B912DE071DDEC461004B5A71 /* GeoNet */,
				B912DE1D1DDEC461004B5A71 /* GeoNetTests */,
				4AC262811DFB6A790095D279 /* GeoNetAPI */,
				4AC2629C1DFBC8340095D279 /* Recent Quakes */,
			);
		};
/* End PBXProject section */

/* Begin PBXResourcesBuildPhase section */
		4AC262801DFB6A790095D279 /* Resources */ = {
			isa = PBXResourcesBuildPhase;
			buildActionMask = 2147483647;
			files = (
			);
			runOnlyForDeploymentPostprocessing = 0;
		};
		4AC2629B1DFBC8340095D279 /* Resources */ = {
			isa = PBXResourcesBuildPhase;
			buildActionMask = 2147483647;
			files = (
			);
			runOnlyForDeploymentPostprocessing = 0;
		};
		B912DE061DDEC461004B5A71 /* Resources */ = {
			isa = PBXResourcesBuildPhase;
			buildActionMask = 2147483647;
			files = (
				B912DE181DDEC461004B5A71 /* LaunchScreen.storyboard in Resources */,
				B912DE151DDEC461004B5A71 /* Assets.xcassets in Resources */,
			);
			runOnlyForDeploymentPostprocessing = 0;
		};
		B912DE1C1DDEC461004B5A71 /* Resources */ = {
			isa = PBXResourcesBuildPhase;
			buildActionMask = 2147483647;
			files = (
			);
			runOnlyForDeploymentPostprocessing = 0;
		};
/* End PBXResourcesBuildPhase section */

/* Begin PBXShellScriptBuildPhase section */
		04FBE35FFE2FA01C1D2E1D9D /* [CP] Check Pods Manifest.lock */ = {
			isa = PBXShellScriptBuildPhase;
			buildActionMask = 2147483647;
			files = (
			);
			inputPaths = (
			);
			name = "[CP] Check Pods Manifest.lock";
			outputPaths = (
			);
			runOnlyForDeploymentPostprocessing = 0;
			shellPath = /bin/sh;
			shellScript = "diff \"${PODS_ROOT}/../Podfile.lock\" \"${PODS_ROOT}/Manifest.lock\" > /dev/null\nif [ $? != 0 ] ; then\n    # print error to STDERR\n    echo \"error: The sandbox is not in sync with the Podfile.lock. Run 'pod install' or update your CocoaPods installation.\" >&2\n    exit 1\nfi\n";
			showEnvVarsInLog = 0;
		};
		7E958A6EB98EBAEDB150721E /* [CP] Check Pods Manifest.lock */ = {
			isa = PBXShellScriptBuildPhase;
			buildActionMask = 2147483647;
			files = (
			);
			inputPaths = (
			);
			name = "[CP] Check Pods Manifest.lock";
			outputPaths = (
			);
			runOnlyForDeploymentPostprocessing = 0;
			shellPath = /bin/sh;
			shellScript = "diff \"${PODS_ROOT}/../Podfile.lock\" \"${PODS_ROOT}/Manifest.lock\" > /dev/null\nif [ $? != 0 ] ; then\n    # print error to STDERR\n    echo \"error: The sandbox is not in sync with the Podfile.lock. Run 'pod install' or update your CocoaPods installation.\" >&2\n    exit 1\nfi\n";
			showEnvVarsInLog = 0;
		};
		81A6A79862602B749A585F26 /* [CP] Embed Pods Frameworks */ = {
			isa = PBXShellScriptBuildPhase;
			buildActionMask = 2147483647;
			files = (
			);
			inputPaths = (
			);
			name = "[CP] Embed Pods Frameworks";
			outputPaths = (
			);
			runOnlyForDeploymentPostprocessing = 0;
			shellPath = /bin/sh;
			shellScript = "\"${SRCROOT}/Pods/Target Support Files/Pods-GeoNet/Pods-GeoNet-frameworks.sh\"\n";
			showEnvVarsInLog = 0;
		};
		82E4D49ECAB9B41F5ADE8DCD /* [CP] Copy Pods Resources */ = {
			isa = PBXShellScriptBuildPhase;
			buildActionMask = 2147483647;
			files = (
			);
			inputPaths = (
			);
			name = "[CP] Copy Pods Resources";
			outputPaths = (
			);
			runOnlyForDeploymentPostprocessing = 0;
			shellPath = /bin/sh;
			shellScript = "\"${SRCROOT}/Pods/Target Support Files/Pods-GeoNetTests/Pods-GeoNetTests-resources.sh\"\n";
			showEnvVarsInLog = 0;
		};
		A92DDE865AB9BCB4996ECAA1 /* [CP] Copy Pods Resources */ = {
			isa = PBXShellScriptBuildPhase;
			buildActionMask = 2147483647;
			files = (
			);
			inputPaths = (
			);
			name = "[CP] Copy Pods Resources";
			outputPaths = (
			);
			runOnlyForDeploymentPostprocessing = 0;
			shellPath = /bin/sh;
			shellScript = "\"${SRCROOT}/Pods/Target Support Files/Pods-GeoNet/Pods-GeoNet-resources.sh\"\n";
			showEnvVarsInLog = 0;
		};
		A9E01D543498E50C44F043D4 /* [CP] Embed Pods Frameworks */ = {
			isa = PBXShellScriptBuildPhase;
			buildActionMask = 2147483647;
			files = (
			);
			inputPaths = (
			);
			name = "[CP] Embed Pods Frameworks";
			outputPaths = (
			);
			runOnlyForDeploymentPostprocessing = 0;
			shellPath = /bin/sh;
			shellScript = "\"${SRCROOT}/Pods/Target Support Files/Pods-GeoNetTests/Pods-GeoNetTests-frameworks.sh\"\n";
			showEnvVarsInLog = 0;
		};
		B00A791CA25B7BC84CB5AA3D /* [CP] Copy Pods Resources */ = {
			isa = PBXShellScriptBuildPhase;
			buildActionMask = 2147483647;
			files = (
			);
			inputPaths = (
			);
			name = "[CP] Copy Pods Resources";
			outputPaths = (
			);
			runOnlyForDeploymentPostprocessing = 0;
			shellPath = /bin/sh;
			shellScript = "\"${SRCROOT}/Pods/Target Support Files/Pods-GeoNetAPI/Pods-GeoNetAPI-resources.sh\"\n";
			showEnvVarsInLog = 0;
		};
		C26EA327260348EDADBE6B16 /* [CP] Check Pods Manifest.lock */ = {
			isa = PBXShellScriptBuildPhase;
			buildActionMask = 2147483647;
			files = (
			);
			inputPaths = (
			);
			name = "[CP] Check Pods Manifest.lock";
			outputPaths = (
			);
			runOnlyForDeploymentPostprocessing = 0;
			shellPath = /bin/sh;
			shellScript = "diff \"${PODS_ROOT}/../Podfile.lock\" \"${PODS_ROOT}/Manifest.lock\" > /dev/null\nif [ $? != 0 ] ; then\n    # print error to STDERR\n    echo \"error: The sandbox is not in sync with the Podfile.lock. Run 'pod install' or update your CocoaPods installation.\" >&2\n    exit 1\nfi\n";
			showEnvVarsInLog = 0;
		};
		D82E440EA4266B7BEDA3DA7E /* [CP] Copy Pods Resources */ = {
			isa = PBXShellScriptBuildPhase;
			buildActionMask = 2147483647;
			files = (
			);
			inputPaths = (
			);
			name = "[CP] Copy Pods Resources";
			outputPaths = (
			);
			runOnlyForDeploymentPostprocessing = 0;
			shellPath = /bin/sh;
			shellScript = "\"${SRCROOT}/Pods/Target Support Files/Pods-Recent Quakes/Pods-Recent Quakes-resources.sh\"\n";
			showEnvVarsInLog = 0;
		};
		DD9884DDCA1C1565233F8966 /* [CP] Check Pods Manifest.lock */ = {
			isa = PBXShellScriptBuildPhase;
			buildActionMask = 2147483647;
			files = (
			);
			inputPaths = (
			);
			name = "[CP] Check Pods Manifest.lock";
			outputPaths = (
			);
			runOnlyForDeploymentPostprocessing = 0;
			shellPath = /bin/sh;
			shellScript = "diff \"${PODS_ROOT}/../Podfile.lock\" \"${PODS_ROOT}/Manifest.lock\" > /dev/null\nif [ $? != 0 ] ; then\n    # print error to STDERR\n    echo \"error: The sandbox is not in sync with the Podfile.lock. Run 'pod install' or update your CocoaPods installation.\" >&2\n    exit 1\nfi\n";
			showEnvVarsInLog = 0;
		};
/* End PBXShellScriptBuildPhase section */

/* Begin PBXSourcesBuildPhase section */
		4AC2627D1DFB6A790095D279 /* Sources */ = {
			isa = PBXSourcesBuildPhase;
			buildActionMask = 2147483647;
			files = (
				4AC262921DFB6B010095D279 /* GeoNetAPI.swift in Sources */,
				4AC262911DFB6B010095D279 /* APIModels.swift in Sources */,
				4AB2D0D51E03C4BA00D5E464 /* UIColorExtension.swift in Sources */,
				4AB2D0D71E03C4D400D5E464 /* Appearance.swift in Sources */,
			);
			runOnlyForDeploymentPostprocessing = 0;
		};
		4AC262991DFBC8340095D279 /* Sources */ = {
			isa = PBXSourcesBuildPhase;
			buildActionMask = 2147483647;
			files = (
				4AC262A21DFBC8340095D279 /* TodayViewController.swift in Sources */,
			);
			runOnlyForDeploymentPostprocessing = 0;
		};
		B912DE041DDEC461004B5A71 /* Sources */ = {
			isa = PBXSourcesBuildPhase;
			buildActionMask = 2147483647;
			files = (
				B96909B51DE3CE2B00896042 /* QuakeLocationView.swift in Sources */,
				4AB6A4071DF39C6500E1073C /* QuakeMapViewController.swift in Sources */,
				B912DE3E1DDEC7B6004B5A71 /* ReportShakingViewController.swift in Sources */,
				B912DE381DDEC625004B5A71 /* QuakesViewController.swift in Sources */,
				B96909A81DDF05AE00896042 /* QuakeInfoTableViewCell.swift in Sources */,
				B912DE441DDEC832004B5A71 /* ShakingViewController.swift in Sources */,
				4AC262961DFB6B6E0095D279 /* APIModelExtension.swift in Sources */,
				B912DE401DDEC7C7004B5A71 /* GeoNetViewControllers.swift in Sources */,
				4AC262981DFB6C980095D279 /* URLSessionExtension.swift in Sources */,
				B912DE461DDEC84A004B5A71 /* VolcanoesViewController.swift in Sources */,
				B912DE421DDEC81E004B5A71 /* NewsViewController.swift in Sources */,
				B96909AF1DE0FDE900896042 /* IntensitiesViewController.swift in Sources */,
				B912DE2F1DDEC49A004B5A71 /* AppDelegate.swift in Sources */,
				B96909B11DE2BD8B00896042 /* UserDefaults.swift in Sources */,
			);
			runOnlyForDeploymentPostprocessing = 0;
		};
		B912DE1A1DDEC461004B5A71 /* Sources */ = {
			isa = PBXSourcesBuildPhase;
			buildActionMask = 2147483647;
			files = (
				B912DE231DDEC461004B5A71 /* GeoNetTests.swift in Sources */,
			);
			runOnlyForDeploymentPostprocessing = 0;
		};
/* End PBXSourcesBuildPhase section */

/* Begin PBXTargetDependency section */
		4AC262881DFB6A790095D279 /* PBXTargetDependency */ = {
			isa = PBXTargetDependency;
			target = 4AC262811DFB6A790095D279 /* GeoNetAPI */;
			targetProxy = 4AC262871DFB6A790095D279 /* PBXContainerItemProxy */;
		};
		4AC262A81DFBC8340095D279 /* PBXTargetDependency */ = {
			isa = PBXTargetDependency;
			target = 4AC2629C1DFBC8340095D279 /* Recent Quakes */;
			targetProxy = 4AC262A71DFBC8340095D279 /* PBXContainerItemProxy */;
		};
		B912DE201DDEC461004B5A71 /* PBXTargetDependency */ = {
			isa = PBXTargetDependency;
			target = B912DE071DDEC461004B5A71 /* GeoNet */;
			targetProxy = B912DE1F1DDEC461004B5A71 /* PBXContainerItemProxy */;
		};
/* End PBXTargetDependency section */

/* Begin PBXVariantGroup section */
		B912DE161DDEC461004B5A71 /* LaunchScreen.storyboard */ = {
			isa = PBXVariantGroup;
			children = (
				B912DE171DDEC461004B5A71 /* Base */,
			);
			name = LaunchScreen.storyboard;
			path = ..;
			sourceTree = "<group>";
		};
/* End PBXVariantGroup section */

/* Begin XCBuildConfiguration section */
		4AC2628B1DFB6A790095D279 /* Debug */ = {
			isa = XCBuildConfiguration;
			baseConfigurationReference = 031E98CA88D73773EE96D67A /* Pods-GeoNetAPI.debug.xcconfig */;
			buildSettings = {
				CLANG_ENABLE_MODULES = YES;
				CODE_SIGN_IDENTITY = "";
				CURRENT_PROJECT_VERSION = 1;
				DEFINES_MODULE = YES;
				DEVELOPMENT_TEAM = 5W5KKWP2K5;
				DYLIB_COMPATIBILITY_VERSION = 1;
				DYLIB_CURRENT_VERSION = 1;
				DYLIB_INSTALL_NAME_BASE = "@rpath";
				INFOPLIST_FILE = GeoNetAPI/Info.plist;
				INSTALL_PATH = "$(LOCAL_LIBRARY_DIR)/Frameworks";
				IPHONEOS_DEPLOYMENT_TARGET = 9.0;
				LD_RUNPATH_SEARCH_PATHS = "$(inherited) @executable_path/Frameworks @loader_path/Frameworks";
				PRODUCT_BUNDLE_IDENTIFIER = li.crazytony.GeoNetAPI;
				PRODUCT_NAME = "$(TARGET_NAME)";
				SKIP_INSTALL = YES;
				SWIFT_OPTIMIZATION_LEVEL = "-Onone";
				SWIFT_VERSION = 3.0;
				VERSIONING_SYSTEM = "apple-generic";
				VERSION_INFO_PREFIX = "";
			};
			name = Debug;
		};
		4AC2628C1DFB6A790095D279 /* Release */ = {
			isa = XCBuildConfiguration;
			baseConfigurationReference = 43CBD70D30A5989BD765457C /* Pods-GeoNetAPI.release.xcconfig */;
			buildSettings = {
				CLANG_ENABLE_MODULES = YES;
				CODE_SIGN_IDENTITY = "";
				CURRENT_PROJECT_VERSION = 1;
				DEFINES_MODULE = YES;
				DEVELOPMENT_TEAM = 5W5KKWP2K5;
				DYLIB_COMPATIBILITY_VERSION = 1;
				DYLIB_CURRENT_VERSION = 1;
				DYLIB_INSTALL_NAME_BASE = "@rpath";
				INFOPLIST_FILE = GeoNetAPI/Info.plist;
				INSTALL_PATH = "$(LOCAL_LIBRARY_DIR)/Frameworks";
				IPHONEOS_DEPLOYMENT_TARGET = 9.0;
				LD_RUNPATH_SEARCH_PATHS = "$(inherited) @executable_path/Frameworks @loader_path/Frameworks";
				PRODUCT_BUNDLE_IDENTIFIER = li.crazytony.GeoNetAPI;
				PRODUCT_NAME = "$(TARGET_NAME)";
				SKIP_INSTALL = YES;
				SWIFT_VERSION = 3.0;
				VERSIONING_SYSTEM = "apple-generic";
				VERSION_INFO_PREFIX = "";
			};
			name = Release;
		};
		4AC262AB1DFBC8340095D279 /* Debug */ = {
			isa = XCBuildConfiguration;
			baseConfigurationReference = 03ADE921CE8CE6CA5F19B499 /* Pods-Recent Quakes.debug.xcconfig */;
			buildSettings = {
				DEVELOPMENT_TEAM = 5W5KKWP2K5;
				INFOPLIST_FILE = "Recent Quakes/Info.plist";
				IPHONEOS_DEPLOYMENT_TARGET = 9.0;
				LD_RUNPATH_SEARCH_PATHS = "$(inherited) @executable_path/Frameworks @executable_path/../../Frameworks";
				PRODUCT_BUNDLE_IDENTIFIER = "li.crazytony.GeoNet.Recent-Quakes";
				PRODUCT_NAME = "$(TARGET_NAME)";
				SKIP_INSTALL = YES;
				SWIFT_VERSION = 3.0;
			};
			name = Debug;
		};
		4AC262AC1DFBC8340095D279 /* Release */ = {
			isa = XCBuildConfiguration;
			baseConfigurationReference = 30F35A2A24DD42265AD65DF2 /* Pods-Recent Quakes.release.xcconfig */;
			buildSettings = {
				DEVELOPMENT_TEAM = 5W5KKWP2K5;
				INFOPLIST_FILE = "Recent Quakes/Info.plist";
				IPHONEOS_DEPLOYMENT_TARGET = 9.0;
				LD_RUNPATH_SEARCH_PATHS = "$(inherited) @executable_path/Frameworks @executable_path/../../Frameworks";
				PRODUCT_BUNDLE_IDENTIFIER = "li.crazytony.GeoNet.Recent-Quakes";
				PRODUCT_NAME = "$(TARGET_NAME)";
				SKIP_INSTALL = YES;
				SWIFT_VERSION = 3.0;
			};
			name = Release;
		};
		B912DE251DDEC461004B5A71 /* Debug */ = {
			isa = XCBuildConfiguration;
			buildSettings = {
				ALWAYS_SEARCH_USER_PATHS = NO;
				CLANG_ANALYZER_NONNULL = YES;
				CLANG_CXX_LANGUAGE_STANDARD = "gnu++0x";
				CLANG_CXX_LIBRARY = "libc++";
				CLANG_ENABLE_MODULES = YES;
				CLANG_ENABLE_OBJC_ARC = YES;
				CLANG_WARN_BOOL_CONVERSION = YES;
				CLANG_WARN_CONSTANT_CONVERSION = YES;
				CLANG_WARN_DIRECT_OBJC_ISA_USAGE = YES_ERROR;
				CLANG_WARN_DOCUMENTATION_COMMENTS = YES;
				CLANG_WARN_EMPTY_BODY = YES;
				CLANG_WARN_ENUM_CONVERSION = YES;
				CLANG_WARN_INFINITE_RECURSION = YES;
				CLANG_WARN_INT_CONVERSION = YES;
				CLANG_WARN_OBJC_ROOT_CLASS = YES_ERROR;
				CLANG_WARN_SUSPICIOUS_MOVE = YES;
				CLANG_WARN_SUSPICIOUS_MOVES = YES;
				CLANG_WARN_UNREACHABLE_CODE = YES;
				CLANG_WARN__DUPLICATE_METHOD_MATCH = YES;
				"CODE_SIGN_IDENTITY[sdk=iphoneos*]" = "iPhone Developer";
				COPY_PHASE_STRIP = NO;
				DEBUG_INFORMATION_FORMAT = dwarf;
				ENABLE_STRICT_OBJC_MSGSEND = YES;
				ENABLE_TESTABILITY = YES;
				GCC_C_LANGUAGE_STANDARD = gnu99;
				GCC_DYNAMIC_NO_PIC = NO;
				GCC_NO_COMMON_BLOCKS = YES;
				GCC_OPTIMIZATION_LEVEL = 0;
				GCC_PREPROCESSOR_DEFINITIONS = (
					"DEBUG=1",
					"$(inherited)",
				);
				GCC_WARN_64_TO_32_BIT_CONVERSION = YES;
				GCC_WARN_ABOUT_RETURN_TYPE = YES_ERROR;
				GCC_WARN_UNDECLARED_SELECTOR = YES;
				GCC_WARN_UNINITIALIZED_AUTOS = YES_AGGRESSIVE;
				GCC_WARN_UNUSED_FUNCTION = YES;
				GCC_WARN_UNUSED_VARIABLE = YES;
				IPHONEOS_DEPLOYMENT_TARGET = 10.1;
				MTL_ENABLE_DEBUG_INFO = YES;
				ONLY_ACTIVE_ARCH = YES;
				SDKROOT = iphoneos;
				SWIFT_ACTIVE_COMPILATION_CONDITIONS = DEBUG;
				SWIFT_OPTIMIZATION_LEVEL = "-Onone";
				TARGETED_DEVICE_FAMILY = "1,2";
			};
			name = Debug;
		};
		B912DE261DDEC461004B5A71 /* Release */ = {
			isa = XCBuildConfiguration;
			buildSettings = {
				ALWAYS_SEARCH_USER_PATHS = NO;
				CLANG_ANALYZER_NONNULL = YES;
				CLANG_CXX_LANGUAGE_STANDARD = "gnu++0x";
				CLANG_CXX_LIBRARY = "libc++";
				CLANG_ENABLE_MODULES = YES;
				CLANG_ENABLE_OBJC_ARC = YES;
				CLANG_WARN_BOOL_CONVERSION = YES;
				CLANG_WARN_CONSTANT_CONVERSION = YES;
				CLANG_WARN_DIRECT_OBJC_ISA_USAGE = YES_ERROR;
				CLANG_WARN_DOCUMENTATION_COMMENTS = YES;
				CLANG_WARN_EMPTY_BODY = YES;
				CLANG_WARN_ENUM_CONVERSION = YES;
				CLANG_WARN_INFINITE_RECURSION = YES;
				CLANG_WARN_INT_CONVERSION = YES;
				CLANG_WARN_OBJC_ROOT_CLASS = YES_ERROR;
				CLANG_WARN_SUSPICIOUS_MOVE = YES;
				CLANG_WARN_SUSPICIOUS_MOVES = YES;
				CLANG_WARN_UNREACHABLE_CODE = YES;
				CLANG_WARN__DUPLICATE_METHOD_MATCH = YES;
				"CODE_SIGN_IDENTITY[sdk=iphoneos*]" = "iPhone Developer";
				COPY_PHASE_STRIP = NO;
				DEBUG_INFORMATION_FORMAT = "dwarf-with-dsym";
				ENABLE_NS_ASSERTIONS = NO;
				ENABLE_STRICT_OBJC_MSGSEND = YES;
				GCC_C_LANGUAGE_STANDARD = gnu99;
				GCC_NO_COMMON_BLOCKS = YES;
				GCC_WARN_64_TO_32_BIT_CONVERSION = YES;
				GCC_WARN_ABOUT_RETURN_TYPE = YES_ERROR;
				GCC_WARN_UNDECLARED_SELECTOR = YES;
				GCC_WARN_UNINITIALIZED_AUTOS = YES_AGGRESSIVE;
				GCC_WARN_UNUSED_FUNCTION = YES;
				GCC_WARN_UNUSED_VARIABLE = YES;
				IPHONEOS_DEPLOYMENT_TARGET = 10.1;
				MTL_ENABLE_DEBUG_INFO = NO;
				SDKROOT = iphoneos;
				SWIFT_OPTIMIZATION_LEVEL = "-Owholemodule";
				TARGETED_DEVICE_FAMILY = "1,2";
				VALIDATE_PRODUCT = YES;
			};
			name = Release;
		};
		B912DE281DDEC461004B5A71 /* Debug */ = {
			isa = XCBuildConfiguration;
			baseConfigurationReference = 7C32D6D3BAD2F0CFA0758461 /* Pods-GeoNet.debug.xcconfig */;
			buildSettings = {
				ALWAYS_EMBED_SWIFT_STANDARD_LIBRARIES = YES;
				ASSETCATALOG_COMPILER_APPICON_NAME = AppIcon;
				DEVELOPMENT_TEAM = 5W5KKWP2K5;
				INFOPLIST_FILE = GeoNet/App/Info.plist;
				IPHONEOS_DEPLOYMENT_TARGET = 9.0;
				LD_RUNPATH_SEARCH_PATHS = "$(inherited) @executable_path/Frameworks";
				PRODUCT_BUNDLE_IDENTIFIER = li.crazytony.GeoNet;
				PRODUCT_NAME = "$(TARGET_NAME)";
				SWIFT_VERSION = 3.0;
			};
			name = Debug;
		};
		B912DE291DDEC461004B5A71 /* Release */ = {
			isa = XCBuildConfiguration;
			baseConfigurationReference = 59A240143E0B3FC95ED295A5 /* Pods-GeoNet.release.xcconfig */;
			buildSettings = {
				ALWAYS_EMBED_SWIFT_STANDARD_LIBRARIES = YES;
				ASSETCATALOG_COMPILER_APPICON_NAME = AppIcon;
				DEVELOPMENT_TEAM = 5W5KKWP2K5;
				INFOPLIST_FILE = GeoNet/App/Info.plist;
				IPHONEOS_DEPLOYMENT_TARGET = 9.0;
				LD_RUNPATH_SEARCH_PATHS = "$(inherited) @executable_path/Frameworks";
				PRODUCT_BUNDLE_IDENTIFIER = li.crazytony.GeoNet;
				PRODUCT_NAME = "$(TARGET_NAME)";
				SWIFT_VERSION = 3.0;
			};
			name = Release;
		};
		B912DE2B1DDEC461004B5A71 /* Debug */ = {
			isa = XCBuildConfiguration;
			baseConfigurationReference = 65C9323A37EE874956A3A97B /* Pods-GeoNetTests.debug.xcconfig */;
			buildSettings = {
				ALWAYS_EMBED_SWIFT_STANDARD_LIBRARIES = YES;
				BUNDLE_LOADER = "$(TEST_HOST)";
				DEVELOPMENT_TEAM = 5W5KKWP2K5;
				INFOPLIST_FILE = GeoNetTests/Info.plist;
				LD_RUNPATH_SEARCH_PATHS = "$(inherited) @executable_path/Frameworks @loader_path/Frameworks";
				PRODUCT_BUNDLE_IDENTIFIER = li.crazytony.GeoNetTests;
				PRODUCT_NAME = "$(TARGET_NAME)";
				SWIFT_VERSION = 3.0;
				TEST_HOST = "$(BUILT_PRODUCTS_DIR)/GeoNet.app/GeoNet";
			};
			name = Debug;
		};
		B912DE2C1DDEC461004B5A71 /* Release */ = {
			isa = XCBuildConfiguration;
			baseConfigurationReference = 4A78E3117C27F4795FEA6113 /* Pods-GeoNetTests.release.xcconfig */;
			buildSettings = {
				ALWAYS_EMBED_SWIFT_STANDARD_LIBRARIES = YES;
				BUNDLE_LOADER = "$(TEST_HOST)";
				DEVELOPMENT_TEAM = 5W5KKWP2K5;
				INFOPLIST_FILE = GeoNetTests/Info.plist;
				LD_RUNPATH_SEARCH_PATHS = "$(inherited) @executable_path/Frameworks @loader_path/Frameworks";
				PRODUCT_BUNDLE_IDENTIFIER = li.crazytony.GeoNetTests;
				PRODUCT_NAME = "$(TARGET_NAME)";
				SWIFT_VERSION = 3.0;
				TEST_HOST = "$(BUILT_PRODUCTS_DIR)/GeoNet.app/GeoNet";
			};
			name = Release;
		};
/* End XCBuildConfiguration section */

/* Begin XCConfigurationList section */
		4AC2628D1DFB6A790095D279 /* Build configuration list for PBXNativeTarget "GeoNetAPI" */ = {
			isa = XCConfigurationList;
			buildConfigurations = (
				4AC2628B1DFB6A790095D279 /* Debug */,
				4AC2628C1DFB6A790095D279 /* Release */,
			);
			defaultConfigurationIsVisible = 0;
			defaultConfigurationName = Release;
		};
		4AC262AA1DFBC8340095D279 /* Build configuration list for PBXNativeTarget "Recent Quakes" */ = {
			isa = XCConfigurationList;
			buildConfigurations = (
				4AC262AB1DFBC8340095D279 /* Debug */,
				4AC262AC1DFBC8340095D279 /* Release */,
			);
			defaultConfigurationIsVisible = 0;
			defaultConfigurationName = Release;
		};
		B912DE031DDEC461004B5A71 /* Build configuration list for PBXProject "GeoNet" */ = {
			isa = XCConfigurationList;
			buildConfigurations = (
				B912DE251DDEC461004B5A71 /* Debug */,
				B912DE261DDEC461004B5A71 /* Release */,
			);
			defaultConfigurationIsVisible = 0;
			defaultConfigurationName = Release;
		};
		B912DE271DDEC461004B5A71 /* Build configuration list for PBXNativeTarget "GeoNet" */ = {
			isa = XCConfigurationList;
			buildConfigurations = (
				B912DE281DDEC461004B5A71 /* Debug */,
				B912DE291DDEC461004B5A71 /* Release */,
			);
			defaultConfigurationIsVisible = 0;
			defaultConfigurationName = Release;
		};
		B912DE2A1DDEC461004B5A71 /* Build configuration list for PBXNativeTarget "GeoNetTests" */ = {
			isa = XCConfigurationList;
			buildConfigurations = (
				B912DE2B1DDEC461004B5A71 /* Debug */,
				B912DE2C1DDEC461004B5A71 /* Release */,
			);
			defaultConfigurationIsVisible = 0;
			defaultConfigurationName = Release;
		};
/* End XCConfigurationList section */
	};
	rootObject = B912DE001DDEC461004B5A71 /* Project object */;
}
